
Microsoft Visual Studio Solution File, Format Version 12.00
Project("{FAE04EC0-301F-11D3-BF4B-00C04F79EFBC}") = "PluginWebRequestOkta", "PluginWebRequestOkta\PluginWebRequestOkta.csproj", "{97FE5BBF-6357-4976-AA22-84771202F009}"
EndProject
Project("{FAE04EC0-301F-11D3-BF4B-00C04F79EFBC}") = "PluginWebRequestOktaTest", "PluginWebRequestOktaTest\PluginWebRequestOktaTest.csproj", "{F3218FA4-1B21-40E5-B2D8-DAEE323FE792}"
EndProject
Global
	GlobalSection(SolutionConfigurationPlatforms) = preSolution
		Debug|Any CPU = Debug|Any CPU
		Release|Any CPU = Release|Any CPU
	EndGlobalSection
	GlobalSection(ProjectConfigurationPlatforms) = postSolution
		{97FE5BBF-6357-4976-AA22-84771202F009}.Debug|Any CPU.ActiveCfg = Debug|Any CPU
		{97FE5BBF-6357-4976-AA22-84771202F009}.Debug|Any CPU.Build.0 = Debug|Any CPU
		{97FE5BBF-6357-4976-AA22-84771202F009}.Release|Any CPU.ActiveCfg = Release|Any CPU
		{97FE5BBF-6357-4976-AA22-84771202F009}.Release|Any CPU.Build.0 = Release|Any CPU
		{F3218FA4-1B21-40E5-B2D8-DAEE323FE792}.Debug|Any CPU.ActiveCfg = Debug|Any CPU
		{F3218FA4-1B21-40E5-B2D8-DAEE323FE792}.Debug|Any CPU.Build.0 = Debug|Any CPU
		{F3218FA4-1B21-40E5-B2D8-DAEE323FE792}.Release|Any CPU.ActiveCfg = Release|Any CPU
		{F3218FA4-1B21-40E5-B2D8-DAEE323FE792}.Release|Any CPU.Build.0 = Release|Any CPU
	EndGlobalSection
EndGlobal
